
Microsoft Visual Studio Solution File, Format Version 12.00
# Visual Studio Version 16
VisualStudioVersion = 16.0.28705.295
MinimumVisualStudioVersion = 10.0.40219.1
Project("{FAE04EC0-301F-11D3-BF4B-00C04F79EFBC}") = "AttachToDockerContainer", "AttachToDockerContainer.csproj", "{D1173692-35F6-493B-93E6-D15F7D557355}"
EndProject
Global
	GlobalSection(SolutionConfigurationPlatforms) = preSolution
		Debug|Any CPU = Debug|Any CPU
		Release|Any CPU = Release|Any CPU
	EndGlobalSection
	GlobalSection(ProjectConfigurationPlatforms) = postSolution
		{D1173692-35F6-493B-93E6-D15F7D557355}.Debug|Any CPU.ActiveCfg = Debug|Any CPU
		{D1173692-35F6-493B-93E6-D15F7D557355}.Debug|Any CPU.Build.0 = Debug|Any CPU
		{D1173692-35F6-493B-93E6-D15F7D557355}.Release|Any CPU.ActiveCfg = Release|Any CPU
		{D1173692-35F6-493B-93E6-D15F7D557355}.Release|Any CPU.Build.0 = Release|Any CPU
	EndGlobalSection
	GlobalSection(SolutionProperties) = preSolution
		HideSolutionNode = FALSE
	EndGlobalSection
	GlobalSection(ExtensibilityGlobals) = postSolution
		SolutionGuid = {2859DBF8-9C86-4B70-9A4F-9615775A19E5}
	EndGlobalSection
EndGlobal
